# This file is automatically @generated by Poetry 2.1.3 and should not be changed by hand.

[[package]]
name = "pip"
version = "19.1.1"
description = "The PyPA recommended tool for installing Python packages."
optional = false
python-versions = ">=2.7,!=3.0.*,!=3.1.*,!=3.2.*,!=3.3.*"
groups = ["main"]
files = [
    {file = "pip-19.1.1-py2.py3-none-any.whl", hash = "sha256:993134f0475471b91452ca029d4390dc8f298ac63a712814f101cd1b6db46676"},
    {file = "pip-19.1.1.tar.gz", hash = "sha256:44d3d7d3d30a1eb65c7e5ff1173cdf8f7467850605ac7cc3707b6064bddd0958"},
]

[metadata]
lock-version = "2.1"
python-versions = "*"
content-hash = "e1fc4bc9a802753b3ab29086f4abf5faa420f0eeba6ab2f051d3853b6d4542b6"
